
Microsoft Visual Studio Solution File, Format Version 12.00
# Visual Studio Version 17
VisualStudioVersion = 17.11.35312.102
MinimumVisualStudioVersion = 10.0.40219.1
Project("{FAE04EC0-301F-11D3-BF4B-00C04F79EFBC}") = "CSharpEgitimKampi301.EntitiyLayer", "CSharpEgitimKampi301.EntitiyLayer\CSharpEgitimKampi301.EntitiyLayer.csproj", "{30747CDC-7508-4BF0-B4F0-A8931A9FFDA1}"
EndProject
Project("{FAE04EC0-301F-11D3-BF4B-00C04F79EFBC}") = "CSharpEgitimKampi301.DataAccessLayer", "CSharpEgitimKampi301.DataAccessLayer\CSharpEgitimKampi301.DataAccessLayer.csproj", "{198548C2-27F7-4D53-89B3-0B0352533943}"
EndProject
Project("{FAE04EC0-301F-11D3-BF4B-00C04F79EFBC}") = "CSharpEgitimKampi301.BusinessLayer", "CSharpEgitimKampi301.BusinessLayer\CSharpEgitimKampi301.BusinessLayer.csproj", "{45619C01-40CB-47E8-8983-0C34EB4E57A0}"
EndProject
Project("{FAE04EC0-301F-11D3-BF4B-00C04F79EFBC}") = "CSharpEgitimKampi301.PresentationLayer", "CSharpEgitimKampi301.PresentationLayer\CSharpEgitimKampi301.PresentationLayer.csproj", "{5B16E3D2-A1D0-477A-A48F-D39D040BBDDD}"
EndProject
Global
	GlobalSection(SolutionConfigurationPlatforms) = preSolution
		Debug|Any CPU = Debug|Any CPU
		Release|Any CPU = Release|Any CPU
	EndGlobalSection
	GlobalSection(ProjectConfigurationPlatforms) = postSolution
		{30747CDC-7508-4BF0-B4F0-A8931A9FFDA1}.Debug|Any CPU.ActiveCfg = Debug|Any CPU
		{30747CDC-7508-4BF0-B4F0-A8931A9FFDA1}.Debug|Any CPU.Build.0 = Debug|Any CPU
		{30747CDC-7508-4BF0-B4F0-A8931A9FFDA1}.Release|Any CPU.ActiveCfg = Release|Any CPU
		{30747CDC-7508-4BF0-B4F0-A8931A9FFDA1}.Release|Any CPU.Build.0 = Release|Any CPU
		{198548C2-27F7-4D53-89B3-0B0352533943}.Debug|Any CPU.ActiveCfg = Debug|Any CPU
		{198548C2-27F7-4D53-89B3-0B0352533943}.Debug|Any CPU.Build.0 = Debug|Any CPU
		{198548C2-27F7-4D53-89B3-0B0352533943}.Release|Any CPU.ActiveCfg = Release|Any CPU
		{198548C2-27F7-4D53-89B3-0B0352533943}.Release|Any CPU.Build.0 = Release|Any CPU
		{45619C01-40CB-47E8-8983-0C34EB4E57A0}.Debug|Any CPU.ActiveCfg = Debug|Any CPU
		{45619C01-40CB-47E8-8983-0C34EB4E57A0}.Debug|Any CPU.Build.0 = Debug|Any CPU
		{45619C01-40CB-47E8-8983-0C34EB4E57A0}.Release|Any CPU.ActiveCfg = Release|Any CPU
		{45619C01-40CB-47E8-8983-0C34EB4E57A0}.Release|Any CPU.Build.0 = Release|Any CPU
		{5B16E3D2-A1D0-477A-A48F-D39D040BBDDD}.Debug|Any CPU.ActiveCfg = Debug|Any CPU
		{5B16E3D2-A1D0-477A-A48F-D39D040BBDDD}.Debug|Any CPU.Build.0 = Debug|Any CPU
		{5B16E3D2-A1D0-477A-A48F-D39D040BBDDD}.Release|Any CPU.ActiveCfg = Release|Any CPU
		{5B16E3D2-A1D0-477A-A48F-D39D040BBDDD}.Release|Any CPU.Build.0 = Release|Any CPU
	EndGlobalSection
	GlobalSection(SolutionProperties) = preSolution
		HideSolutionNode = FALSE
	EndGlobalSection
	GlobalSection(ExtensibilityGlobals) = postSolution
		SolutionGuid = {700BC1A5-952D-45E0-904A-A6C27ABADE91}
	EndGlobalSection
EndGlobal
